
Microsoft Visual Studio Solution File, Format Version 12.00
# Visual Studio 14
VisualStudioVersion = 14.0.24720.0
MinimumVisualStudioVersion = 10.0.40219.1
Project("{FAE04EC0-301F-11D3-BF4B-00C04F79EFBC}") = "104", "104\104.csproj", "{70B25B90-1C43-4226-9084-3AA98061E959}"
EndProject
Global
	GlobalSection(SolutionConfigurationPlatforms) = preSolution
		Debug|Any CPU = Debug|Any CPU
		Release|Any CPU = Release|Any CPU
	EndGlobalSection
	GlobalSection(ProjectConfigurationPlatforms) = postSolution
		{70B25B90-1C43-4226-9084-3AA98061E959}.Debug|Any CPU.ActiveCfg = Debug|Any CPU
		{70B25B90-1C43-4226-9084-3AA98061E959}.Debug|Any CPU.Build.0 = Debug|Any CPU
		{70B25B90-1C43-4226-9084-3AA98061E959}.Release|Any CPU.ActiveCfg = Release|Any CPU
		{70B25B90-1C43-4226-9084-3AA98061E959}.Release|Any CPU.Build.0 = Release|Any CPU
	EndGlobalSection
	GlobalSection(SolutionProperties) = preSolution
		HideSolutionNode = FALSE
	EndGlobalSection
EndGlobal
